
Microsoft Visual Studio Solution File, Format Version 12.00
# Visual Studio Version 17
VisualStudioVersion = 17.6.33712.159
MinimumVisualStudioVersion = 10.0.40219.1
Project("{9A19103F-16F7-4668-BE54-9A1E7A4F7556}") = "BlazorTemplate.Photino", "BlazorTemplate.Photino\BlazorTemplate.Photino.csproj", "{43BF2808-0DC1-4661-9C08-196407FD1DC5}"
EndProject
Project("{9A19103F-16F7-4668-BE54-9A1E7A4F7556}") = "BlazorTemplate.Winforms", "BlazorTemplate.Winforms\BlazorTemplate.Winforms.csproj", "{3D71FE19-30A2-409A-B7A6-90C24CBBFDC0}"
EndProject
Project("{9A19103F-16F7-4668-BE54-9A1E7A4F7556}") = "BlazorTemplate.Wpf", "BlazorTemplate.Wpf\BlazorTemplate.Wpf.csproj", "{EDF1E0E0-3240-464B-B12E-DAEBB5253E40}"
EndProject
Project("{9A19103F-16F7-4668-BE54-9A1E7A4F7556}") = "BlazorTemplate.Rcl", "BlazorTemplate.Rcl\BlazorTemplate.Rcl.csproj", "{B42B5E20-6308-47B2-8C68-DF8F64F5E2EE}"
EndProject
Project("{9A19103F-16F7-4668-BE54-9A1E7A4F7556}") = "BlazorTemplate.WebAssembly", "BlazorTemplate.WebAssembly\BlazorTemplate.WebAssembly.csproj", "{B6235504-5DD6-4950-B77E-514D70248EB2}"
EndProject
Project("{9A19103F-16F7-4668-BE54-9A1E7A4F7556}") = "BlazorTemplate.Shared", "BlazorTemplate.Shared\BlazorTemplate.Shared.csproj", "{51503D37-ECAA-4F49-967B-36D62D0F30BD}"
EndProject
Project("{9A19103F-16F7-4668-BE54-9A1E7A4F7556}") = "BlazorTemplate.Maui", "BlazorTemplate.Maui\BlazorTemplate.Maui.csproj", "{3BACDDC0-5664-4C79-8690-06AD32160C38}"
EndProject
Project("{FAE04EC0-301F-11D3-BF4B-00C04F79EFBC}") = "BlazorTemplate.Server", "BlazorTemplate.Server\BlazorTemplate.Server.csproj", "{FDD58DB6-DFBE-41CF-8B8A-28C2D4C76AB1}"
EndProject
Global
	GlobalSection(SolutionConfigurationPlatforms) = preSolution
		Debug|Any CPU = Debug|Any CPU
		Release|Any CPU = Release|Any CPU
	EndGlobalSection
	GlobalSection(ProjectConfigurationPlatforms) = postSolution
		{43BF2808-0DC1-4661-9C08-196407FD1DC5}.Debug|Any CPU.ActiveCfg = Debug|Any CPU
		{43BF2808-0DC1-4661-9C08-196407FD1DC5}.Debug|Any CPU.Build.0 = Debug|Any CPU
		{43BF2808-0DC1-4661-9C08-196407FD1DC5}.Release|Any CPU.ActiveCfg = Release|Any CPU
		{43BF2808-0DC1-4661-9C08-196407FD1DC5}.Release|Any CPU.Build.0 = Release|Any CPU
		{3D71FE19-30A2-409A-B7A6-90C24CBBFDC0}.Debug|Any CPU.ActiveCfg = Debug|Any CPU
		{3D71FE19-30A2-409A-B7A6-90C24CBBFDC0}.Debug|Any CPU.Build.0 = Debug|Any CPU
		{3D71FE19-30A2-409A-B7A6-90C24CBBFDC0}.Release|Any CPU.ActiveCfg = Release|Any CPU
		{3D71FE19-30A2-409A-B7A6-90C24CBBFDC0}.Release|Any CPU.Build.0 = Release|Any CPU
		{EDF1E0E0-3240-464B-B12E-DAEBB5253E40}.Debug|Any CPU.ActiveCfg = Debug|Any CPU
		{EDF1E0E0-3240-464B-B12E-DAEBB5253E40}.Debug|Any CPU.Build.0 = Debug|Any CPU
		{EDF1E0E0-3240-464B-B12E-DAEBB5253E40}.Release|Any CPU.ActiveCfg = Release|Any CPU
		{EDF1E0E0-3240-464B-B12E-DAEBB5253E40}.Release|Any CPU.Build.0 = Release|Any CPU
		{B42B5E20-6308-47B2-8C68-DF8F64F5E2EE}.Debug|Any CPU.ActiveCfg = Debug|Any CPU
		{B42B5E20-6308-47B2-8C68-DF8F64F5E2EE}.Debug|Any CPU.Build.0 = Debug|Any CPU
		{B42B5E20-6308-47B2-8C68-DF8F64F5E2EE}.Release|Any CPU.ActiveCfg = Release|Any CPU
		{B42B5E20-6308-47B2-8C68-DF8F64F5E2EE}.Release|Any CPU.Build.0 = Release|Any CPU
		{B6235504-5DD6-4950-B77E-514D70248EB2}.Debug|Any CPU.ActiveCfg = Debug|Any CPU
		{B6235504-5DD6-4950-B77E-514D70248EB2}.Debug|Any CPU.Build.0 = Debug|Any CPU
		{B6235504-5DD6-4950-B77E-514D70248EB2}.Release|Any CPU.ActiveCfg = Release|Any CPU
		{B6235504-5DD6-4950-B77E-514D70248EB2}.Release|Any CPU.Build.0 = Release|Any CPU
		{51503D37-ECAA-4F49-967B-36D62D0F30BD}.Debug|Any CPU.ActiveCfg = Debug|Any CPU
		{51503D37-ECAA-4F49-967B-36D62D0F30BD}.Debug|Any CPU.Build.0 = Debug|Any CPU
		{51503D37-ECAA-4F49-967B-36D62D0F30BD}.Release|Any CPU.ActiveCfg = Release|Any CPU
		{51503D37-ECAA-4F49-967B-36D62D0F30BD}.Release|Any CPU.Build.0 = Release|Any CPU
		{3BACDDC0-5664-4C79-8690-06AD32160C38}.Debug|Any CPU.ActiveCfg = Debug|Any CPU
		{3BACDDC0-5664-4C79-8690-06AD32160C38}.Debug|Any CPU.Build.0 = Debug|Any CPU
		{3BACDDC0-5664-4C79-8690-06AD32160C38}.Debug|Any CPU.Deploy.0 = Debug|Any CPU
		{3BACDDC0-5664-4C79-8690-06AD32160C38}.Release|Any CPU.ActiveCfg = Release|Any CPU
		{3BACDDC0-5664-4C79-8690-06AD32160C38}.Release|Any CPU.Build.0 = Release|Any CPU
		{3BACDDC0-5664-4C79-8690-06AD32160C38}.Release|Any CPU.Deploy.0 = Release|Any CPU
		{FDD58DB6-DFBE-41CF-8B8A-28C2D4C76AB1}.Debug|Any CPU.ActiveCfg = Debug|Any CPU
		{FDD58DB6-DFBE-41CF-8B8A-28C2D4C76AB1}.Debug|Any CPU.Build.0 = Debug|Any CPU
		{FDD58DB6-DFBE-41CF-8B8A-28C2D4C76AB1}.Release|Any CPU.ActiveCfg = Release|Any CPU
		{FDD58DB6-DFBE-41CF-8B8A-28C2D4C76AB1}.Release|Any CPU.Build.0 = Release|Any CPU
	EndGlobalSection
	GlobalSection(SolutionProperties) = preSolution
		HideSolutionNode = FALSE
	EndGlobalSection
	GlobalSection(ExtensibilityGlobals) = postSolution
		SolutionGuid = {E70B0668-8EDA-44ED-8E20-F8BBAD4A3E38}
	EndGlobalSection
EndGlobal
