
Microsoft Visual Studio Solution File, Format Version 12.00
# Visual Studio Version 17
VisualStudioVersion = 17.6.33712.159
MinimumVisualStudioVersion = 10.0.40219.1
Project("{9A19103F-16F7-4668-BE54-9A1E7A4F7556}") = "BlazorTemplate.Maui", "BlazorTemplate.Maui\BlazorTemplate.Maui.csproj", "{EA580639-D58C-4D3A-83F1-7288514CAB62}"
EndProject
Global
	GlobalSection(SolutionConfigurationPlatforms) = preSolution
		Debug|Any CPU = Debug|Any CPU
		Release|Any CPU = Release|Any CPU
	EndGlobalSection
	GlobalSection(ProjectConfigurationPlatforms) = postSolution
		{EA580639-D58C-4D3A-83F1-7288514CAB62}.Debug|Any CPU.ActiveCfg = Debug|Any CPU
		{EA580639-D58C-4D3A-83F1-7288514CAB62}.Debug|Any CPU.Build.0 = Debug|Any CPU
		{EA580639-D58C-4D3A-83F1-7288514CAB62}.Debug|Any CPU.Deploy.0 = Debug|Any CPU
		{EA580639-D58C-4D3A-83F1-7288514CAB62}.Release|Any CPU.ActiveCfg = Release|Any CPU
		{EA580639-D58C-4D3A-83F1-7288514CAB62}.Release|Any CPU.Build.0 = Release|Any CPU
		{EA580639-D58C-4D3A-83F1-7288514CAB62}.Release|Any CPU.Deploy.0 = Release|Any CPU
	EndGlobalSection
	GlobalSection(SolutionProperties) = preSolution
		HideSolutionNode = FALSE
	EndGlobalSection
	GlobalSection(ExtensibilityGlobals) = postSolution
		SolutionGuid = {E70B0668-8EDA-44ED-8E20-F8BBAD4A3E38}
	EndGlobalSection
EndGlobal
